{
    "name": "lisa-bot",
    "version": "5.12.0",
    "lockfileVersion": 1,
    "dependencies": {
        "array-union": {
            "version": "1.0.2",
            "resolved": "https://registry.npmjs.org/array-union/-/array-union-1.0.2.tgz",
            "integrity": "sha1-mjRBDk9OPaI96jdb5b5w8kd47Dk="
        },
        "array-uniq": {
            "version": "1.0.3",
            "resolved": "https://registry.npmjs.org/array-uniq/-/array-uniq-1.0.3.tgz",
            "integrity": "sha1-r2rId6Jcx/dOBYiUdThY39sk/bY="
        },
        "arrify": {
            "version": "1.0.1",
            "resolved": "https://registry.npmjs.org/arrify/-/arrify-1.0.1.tgz",
            "integrity": "sha1-iYUI2iIm84DfkEcoRWhJwVAaSw0="
        },
        "balanced-match": {
            "version": "0.4.2",
            "resolved": "https://registry.npmjs.org/balanced-match/-/balanced-match-0.4.2.tgz",
            "integrity": "sha1-yz8+PHMtwPAe5wtAPzAuYddwmDg="
        },
        "brace-expansion": {
            "version": "1.1.7",
            "resolved": "https://registry.npmjs.org/brace-expansion/-/brace-expansion-1.1.7.tgz",
            "integrity": "sha1-Pv/DxQ4ABTH7cg6v+A8K6O8jz1k="
        },
        "circular-json": {
            "version": "0.3.1",
            "resolved": "https://registry.npmjs.org/circular-json/-/circular-json-0.3.1.tgz",
            "integrity": "sha1-vos2rvzN6LPKeqLWr8B6NyQsDS0="
        },
        "cli-ngy": {
            "version": "5.0.0",
            "resolved": "https://registry.npmjs.org/cli-ngy/-/cli-ngy-5.0.0.tgz",
            "integrity": "sha1-H5IknLRvZES+IAkpQ323ClCjraI="
        },
        "concat-map": {
            "version": "0.0.1",
            "resolved": "https://registry.npmjs.org/concat-map/-/concat-map-0.0.1.tgz",
            "integrity": "sha1-2Klr13/Wjfd5OnMDajug1UBdR3s="
        },
        "del": {
            "version": "2.2.2",
            "resolved": "https://registry.npmjs.org/del/-/del-2.2.2.tgz",
            "integrity": "sha1-wSyYHQZ4RshLyvhiz/kw2Qf/0ag="
        },
        "di-ngy": {
            "version": "3.4.2",
            "resolved": "https://registry.npmjs.org/di-ngy/-/di-ngy-3.4.2.tgz",
            "integrity": "sha512-XFehYQ4wz5AtACfyyfxO9AA8Pe1OupIfOcQbxKDwdZtz/o+pZ/fz23tUOt3N2gkS3n/D73hJJntgf3mKqu0zNg=="
        },
        "discord.js": {
            "version": "11.1.0",
            "resolved": "https://registry.npmjs.org/discord.js/-/discord.js-11.1.0.tgz",
            "integrity": "sha1-U1HVnjeY9TbeGXXpLK5NEa89kmY="
        },
        "encoding": {
            "version": "0.1.12",
            "resolved": "https://registry.npmjs.org/encoding/-/encoding-0.1.12.tgz",
            "integrity": "sha1-U4tm8+5izRq1HsMjgp0flIDHS+s="
        },
        "flat-cache": {
            "version": "1.2.2",
            "resolved": "https://registry.npmjs.org/flat-cache/-/flat-cache-1.2.2.tgz",
            "integrity": "sha1-+oZxTnLCHbiGAXYezy9VXRq8a5Y="
        },
        "fs.realpath": {
            "version": "1.0.0",
            "resolved": "https://registry.npmjs.org/fs.realpath/-/fs.realpath-1.0.0.tgz",
            "integrity": "sha1-FQStJSMVjKpA20onh8sBQRmU6k8="
        },
        "glob": {
            "version": "7.1.2",
            "resolved": "https://registry.npmjs.org/glob/-/glob-7.1.2.tgz",
            "integrity": "sha512-MJTUg1kjuLeQCJ+ccE4Vpa6kKVXkPYJ2mOCQyUuKLcLQsdrMCpBPUi8qVE6+YuaJkozeA9NusTAw3hLr8Xe5EQ=="
        },
        "globby": {
            "version": "5.0.0",
            "resolved": "https://registry.npmjs.org/globby/-/globby-5.0.0.tgz",
            "integrity": "sha1-69hGZ8oNuzMLmbz8aOrCvFQ3Dg0="
        },
        "graceful-fs": {
            "version": "4.1.11",
            "resolved": "https://registry.npmjs.org/graceful-fs/-/graceful-fs-4.1.11.tgz",
            "integrity": "sha1-Dovf5NHduIVNZOBOp8AOKgJuVlg="
        },
        "iconv-lite": {
            "version": "0.4.17",
            "resolved": "https://registry.npmjs.org/iconv-lite/-/iconv-lite-0.4.17.tgz",
            "integrity": "sha1-T9qjs4rLwsAxsEXQ7c3+HsqxjI0="
        },
        "inflight": {
            "version": "1.0.6",
            "resolved": "https://registry.npmjs.org/inflight/-/inflight-1.0.6.tgz",
            "integrity": "sha1-Sb1jMdfQLQwJvJEKEHW6gWW1bfk="
        },
        "inherits": {
            "version": "2.0.3",
            "resolved": "https://registry.npmjs.org/inherits/-/inherits-2.0.3.tgz",
            "integrity": "sha1-Yzwsg+PaQqUC9SRmAiSA9CCCYd4="
        },
        "is-path-cwd": {
            "version": "1.0.0",
            "resolved": "https://registry.npmjs.org/is-path-cwd/-/is-path-cwd-1.0.0.tgz",
            "integrity": "sha1-0iXsIxMuie3Tj9p2dHLmLmXxEG0="
        },
        "is-path-in-cwd": {
            "version": "1.0.0",
            "resolved": "https://registry.npmjs.org/is-path-in-cwd/-/is-path-in-cwd-1.0.0.tgz",
            "integrity": "sha1-ZHdYK4IU1gI0YJRWcAO+ip6sBNw="
        },
        "is-path-inside": {
            "version": "1.0.0",
            "resolved": "https://registry.npmjs.org/is-path-inside/-/is-path-inside-1.0.0.tgz",
            "integrity": "sha1-/AbloWg/vaE95mev9xe7wQpI838="
        },
        "is-stream": {
            "version": "1.1.0",
            "resolved": "https://registry.npmjs.org/is-stream/-/is-stream-1.1.0.tgz",
            "integrity": "sha1-EtSj3U5o4Lec6428hBc66A2RykQ="
        },
        "levenshtein-string-distance": {
            "version": "1.6.3",
            "resolved": "https://registry.npmjs.org/levenshtein-string-distance/-/levenshtein-string-distance-1.6.3.tgz",
            "integrity": "sha1-Xs7L8dH2DMFqwnc1UiiPBw1adN4="
        },
        "lodash": {
            "version": "4.17.4",
            "resolved": "https://registry.npmjs.org/lodash/-/lodash-4.17.4.tgz",
            "integrity": "sha1-eCA6TRwyiuHYbcpkYONptX9AVa4="
        },
        "log": {
            "version": "1.4.0",
            "resolved": "https://registry.npmjs.org/log/-/log-1.4.0.tgz",
            "integrity": "sha1-S6HYkP3iSbAx3KA7w36q8yVlbxw="
        },
        "long": {
            "version": "3.2.0",
            "resolved": "https://registry.npmjs.org/long/-/long-3.2.0.tgz",
            "integrity": "sha1-2CG3E4yhy1gcFymQ7xTbIAtcR0s="
        },
        "minimatch": {
            "version": "3.0.4",
            "resolved": "https://registry.npmjs.org/minimatch/-/minimatch-3.0.4.tgz",
            "integrity": "sha512-yJHVQEhyqPLUTgt9B83PXu6W3rx4MvvHvSUvToogpwoGDOUQ+yDrR0HRot+yOCdCO7u4hX3pWft6kWBBcqh0UA=="
        },
        "minimist": {
            "version": "0.0.8",
            "resolved": "https://registry.npmjs.org/minimist/-/minimist-0.0.8.tgz",
            "integrity": "sha1-hX/Kv8M5fSYluCKCYuhqp6ARsF0="
        },
        "mkdirp": {
            "version": "0.5.1",
            "resolved": "https://registry.npmjs.org/mkdirp/-/mkdirp-0.5.1.tgz",
            "integrity": "sha1-MAV0OOrGz3+MR2fzhkjWaX11yQM="
        },
        "moment": {
            "version": "2.18.1",
            "resolved": "https://registry.npmjs.org/moment/-/moment-2.18.1.tgz",
            "integrity": "sha1-w2GT3Tzhwu7SrbfIAtu8d6gbHA8="
        },
        "node-fetch": {
            "version": "1.7.0",
            "resolved": "https://registry.npmjs.org/node-fetch/-/node-fetch-1.7.0.tgz",
            "integrity": "sha1-P/bFZUT5t/sAaCM4u1Xub1SooO8="
        },
        "object-assign": {
            "version": "4.1.1",
            "resolved": "https://registry.npmjs.org/object-assign/-/object-assign-4.1.1.tgz",
            "integrity": "sha1-IQmtx5ZYh8/AXLvUQsrIv7s2CGM="
        },
        "once": {
            "version": "1.4.0",
            "resolved": "https://registry.npmjs.org/once/-/once-1.4.0.tgz",
            "integrity": "sha1-WDsap3WWHUsROsF9nFC6753Xa9E="
        },
        "path-is-absolute": {
            "version": "1.0.1",
            "resolved": "https://registry.npmjs.org/path-is-absolute/-/path-is-absolute-1.0.1.tgz",
            "integrity": "sha1-F0uSaHNVNP+8es5r9TpanhtcX18="
        },
        "path-is-inside": {
            "version": "1.0.2",
            "resolved": "https://registry.npmjs.org/path-is-inside/-/path-is-inside-1.0.2.tgz",
            "integrity": "sha1-NlQX3t5EQw0cEa9hAn+s8HS9/FM="
        },
        "pify": {
            "version": "2.3.0",
            "resolved": "https://registry.npmjs.org/pify/-/pify-2.3.0.tgz",
            "integrity": "sha1-7RQaasBDqEnqWISY59yosVMw6Qw="
        },
        "pinkie": {
            "version": "2.0.4",
            "resolved": "https://registry.npmjs.org/pinkie/-/pinkie-2.0.4.tgz",
            "integrity": "sha1-clVrgM+g1IqXToDnckjoDtT3+HA="
        },
        "pinkie-promise": {
            "version": "2.0.1",
            "resolved": "https://registry.npmjs.org/pinkie-promise/-/pinkie-promise-2.0.1.tgz",
            "integrity": "sha1-ITXW36ejWMBprJsXh3YogihFD/o="
        },
        "prism-media": {
            "version": "0.0.1",
            "resolved": "https://registry.npmjs.org/prism-media/-/prism-media-0.0.1.tgz",
            "integrity": "sha1-o0JcnKvVDRxsAuVDlBoRiVZnvRA="
        },
        "pyslice": {
            "version": "1.1.1",
            "resolved": "https://registry.npmjs.org/pyslice/-/pyslice-1.1.1.tgz",
            "integrity": "sha1-mpkWCLXjqhmbBo4r6l5fCdR4HIE="
        },
        "replace-string": {
            "version": "1.1.0",
            "resolved": "https://registry.npmjs.org/replace-string/-/replace-string-1.1.0.tgz",
            "integrity": "sha1-hwYhF/gj/lgAwwa6yyz6NZuTX+o="
        },
        "rimraf": {
            "version": "2.6.1",
            "resolved": "https://registry.npmjs.org/rimraf/-/rimraf-2.6.1.tgz",
            "integrity": "sha1-wjOOxkPfeht/5cVPqG9XQopV8z0="
        },
        "safe-buffer": {
            "version": "5.0.1",
            "resolved": "https://registry.npmjs.org/safe-buffer/-/safe-buffer-5.0.1.tgz",
            "integrity": "sha1-0mPKVGls2KMGtcplUekt5XkY++c="
        },
        "similar-strings": {
            "version": "1.6.3",
            "resolved": "https://registry.npmjs.org/similar-strings/-/similar-strings-1.6.3.tgz",
            "integrity": "sha1-gUAgidVWxH+HMgpZozXDfNwv5yY="
        },
        "snekfetch": {
            "version": "3.1.7",
            "resolved": "https://registry.npmjs.org/snekfetch/-/snekfetch-3.1.7.tgz",
            "integrity": "sha1-XrmA0pw7RVvwsTNZZHkJsHNzFek="
        },
        "tweetnacl": {
            "version": "0.14.5",
            "resolved": "https://registry.npmjs.org/tweetnacl/-/tweetnacl-0.14.5.tgz",
            "integrity": "sha1-WuaBd/GS1EViadEIr6k/+HQ/T2Q="
        },
        "ultron": {
            "version": "1.1.0",
            "resolved": "https://registry.npmjs.org/ultron/-/ultron-1.1.0.tgz",
            "integrity": "sha1-sHoualQagV/Go0zNRTO67DB8qGQ="
        },
        "wrappy": {
            "version": "1.0.2",
            "resolved": "https://registry.npmjs.org/wrappy/-/wrappy-1.0.2.tgz",
            "integrity": "sha1-tSQ9jz7BqjXxNkYFvA0QNuMKtp8="
        },
        "write": {
            "version": "0.2.1",
            "resolved": "https://registry.npmjs.org/write/-/write-0.2.1.tgz",
            "integrity": "sha1-X8A4KOJkzqP+kUVUdvejxWbLB1c="
        },
        "ws": {
            "version": "2.3.1",
            "resolved": "https://registry.npmjs.org/ws/-/ws-2.3.1.tgz",
            "integrity": "sha1-a5Sz5EfLajY/eF6vlK9jWejoHIA="
        },
        "ynajs": {
            "version": "3.5.6",
            "resolved": "https://registry.npmjs.org/ynajs/-/ynajs-3.5.6.tgz",
            "integrity": "sha1-CFbEzpmD35rHZBuBHiJNvR0l6hA="
        }
    }
}
